// !$*UTF8*$!
{
	archiveVersion = 1;
	classes = {
	};
	objectVersion = 56;
	objects = {

/* Begin PBXBuildFile section */
		951AD02329817040009FA3F1 /* AppDelegate.swift in Sources */ = {isa = PBXBuildFile; fileRef = 951AD02229817040009FA3F1 /* AppDelegate.swift */; };
		951AD02529817040009FA3F1 /* SceneDelegate.swift in Sources */ = {isa = PBXBuildFile; fileRef = 951AD02429817040009FA3F1 /* SceneDelegate.swift */; };
		951AD02729817040009FA3F1 /* ViewController.swift in Sources */ = {isa = PBXBuildFile; fileRef = 951AD02629817040009FA3F1 /* ViewController.swift */; };
		951AD02A29817040009FA3F1 /* Main.storyboard in Resources */ = {isa = PBXBuildFile; fileRef = 951AD02829817040009FA3F1 /* Main.storyboard */; };
		951AD02C29817043009FA3F1 /* Assets.xcassets in Resources */ = {isa = PBXBuildFile; fileRef = 951AD02B29817043009FA3F1 /* Assets.xcassets */; };
		951AD02F29817043009FA3F1 /* LaunchScreen.storyboard in Resources */ = {isa = PBXBuildFile; fileRef = 951AD02D29817043009FA3F1 /* LaunchScreen.storyboard */; };
		95F3A0F329817A9F004503A8 /* A.wav in Resources */ = {isa = PBXBuildFile; fileRef = 95F3A0EC29817A9F004503A8 /* A.wav */; };
		95F3A0F429817A9F004503A8 /* C.wav in Resources */ = {isa = PBXBuildFile; fileRef = 95F3A0ED29817A9F004503A8 /* C.wav */; };
		95F3A0F529817A9F004503A8 /* B.wav in Resources */ = {isa = PBXBuildFile; fileRef = 95F3A0EE29817A9F004503A8 /* B.wav */; };
		95F3A0F629817A9F004503A8 /* F.wav in Resources */ = {isa = PBXBuildFile; fileRef = 95F3A0EF29817A9F004503A8 /* F.wav */; };
		95F3A0F729817A9F004503A8 /* G.wav in Resources */ = {isa = PBXBuildFile; fileRef = 95F3A0F029817A9F004503A8 /* G.wav */; };
		95F3A0F829817A9F004503A8 /* E.wav in Resources */ = {isa = PBXBuildFile; fileRef = 95F3A0F129817A9F004503A8 /* E.wav */; };
		95F3A0F929817A9F004503A8 /* D.wav in Resources */ = {isa = PBXBuildFile; fileRef = 95F3A0F229817A9F004503A8 /* D.wav */; };
/* End PBXBuildFile section */

/* Begin PBXFileReference section */
		951AD01F29817040009FA3F1 /* xilophone New.app */ = {isa = PBXFileReference; explicitFileType = wrapper.application; includeInIndex = 0; path = "xilophone New.app"; sourceTree = BUILT_PRODUCTS_DIR; };
		951AD02229817040009FA3F1 /* AppDelegate.swift */ = {isa = PBXFileReference; lastKnownFileType = sourcecode.swift; path = AppDelegate.swift; sourceTree = "<group>"; };
		951AD02429817040009FA3F1 /* SceneDelegate.swift */ = {isa = PBXFileReference; lastKnownFileType = sourcecode.swift; path = SceneDelegate.swift; sourceTree = "<group>"; };
		951AD02629817040009FA3F1 /* ViewController.swift */ = {isa = PBXFileReference; lastKnownFileType = sourcecode.swift; path = ViewController.swift; sourceTree = "<group>"; };
		951AD02929817040009FA3F1 /* Base */ = {isa = PBXFileReference; lastKnownFileType = file.storyboard; name = Base; path = Base.lproj/Main.storyboard; sourceTree = "<group>"; };
		951AD02B29817043009FA3F1 /* Assets.xcassets */ = {isa = PBXFileReference; lastKnownFileType = folder.assetcatalog; path = Assets.xcassets; sourceTree = "<group>"; };
		951AD02E29817043009FA3F1 /* Base */ = {isa = PBXFileReference; lastKnownFileType = file.storyboard; name = Base; path = Base.lproj/LaunchScreen.storyboard; sourceTree = "<group>"; };
		951AD03029817043009FA3F1 /* Info.plist */ = {isa = PBXFileReference; lastKnownFileType = text.plist.xml; path = Info.plist; sourceTree = "<group>"; };
		95F3A0EC29817A9F004503A8 /* A.wav */ = {isa = PBXFileReference; lastKnownFileType = audio.wav; path = A.wav; sourceTree = "<group>"; };
		95F3A0ED29817A9F004503A8 /* C.wav */ = {isa = PBXFileReference; lastKnownFileType = audio.wav; path = C.wav; sourceTree = "<group>"; };
		95F3A0EE29817A9F004503A8 /* B.wav */ = {isa = PBXFileReference; lastKnownFileType = audio.wav; path = B.wav; sourceTree = "<group>"; };
		95F3A0EF29817A9F004503A8 /* F.wav */ = {isa = PBXFileReference; lastKnownFileType = audio.wav; path = F.wav; sourceTree = "<group>"; };
		95F3A0F029817A9F004503A8 /* G.wav */ = {isa = PBXFileReference; lastKnownFileType = audio.wav; path = G.wav; sourceTree = "<group>"; };
		95F3A0F129817A9F004503A8 /* E.wav */ = {isa = PBXFileReference; lastKnownFileType = audio.wav; path = E.wav; sourceTree = "<group>"; };
		95F3A0F229817A9F004503A8 /* D.wav */ = {isa = PBXFileReference; lastKnownFileType = audio.wav; path = D.wav; sourceTree = "<group>"; };
/* End PBXFileReference section */

/* Begin PBXFrameworksBuildPhase section */
		951AD01C29817040009FA3F1 /* Frameworks */ = {
			isa = PBXFrameworksBuildPhase;
			buildActionMask = 2147483647;
			files = (
			);
			runOnlyForDeploymentPostprocessing = 0;
		};
/* End PBXFrameworksBuildPhase section */

/* Begin PBXGroup section */
		951AD01629817040009FA3F1 = {
			isa = PBXGroup;
			children = (
				951AD02129817040009FA3F1 /* xilophone New */,
				951AD02029817040009FA3F1 /* Products */,
			);
			sourceTree = "<group>";
		};
		951AD02029817040009FA3F1 /* Products */ = {
			isa = PBXGroup;
			children = (
				951AD01F29817040009FA3F1 /* xilophone New.app */,
			);
			name = Products;
			sourceTree = "<group>";
		};
		951AD02129817040009FA3F1 /* xilophone New */ = {
			isa = PBXGroup;
			children = (
				951AD02229817040009FA3F1 /* AppDelegate.swift */,
				951AD02429817040009FA3F1 /* SceneDelegate.swift */,
				951AD02629817040009FA3F1 /* ViewController.swift */,
				951AD02829817040009FA3F1 /* Main.storyboard */,
				951AD02B29817043009FA3F1 /* Assets.xcassets */,
				951AD02D29817043009FA3F1 /* LaunchScreen.storyboard */,
				951AD03029817043009FA3F1 /* Info.plist */,
				95F3A0EB29817A9F004503A8 /* Sounds */,
			);
			path = "xilophone New";
			sourceTree = "<group>";
		};
		95F3A0EB29817A9F004503A8 /* Sounds */ = {
			isa = PBXGroup;
			children = (
				95F3A0EC29817A9F004503A8 /* A.wav */,
				95F3A0ED29817A9F004503A8 /* C.wav */,
				95F3A0EE29817A9F004503A8 /* B.wav */,
				95F3A0EF29817A9F004503A8 /* F.wav */,
				95F3A0F029817A9F004503A8 /* G.wav */,
				95F3A0F129817A9F004503A8 /* E.wav */,
				95F3A0F229817A9F004503A8 /* D.wav */,
			);
			path = Sounds;
			sourceTree = "<group>";
		};
/* End PBXGroup section */

/* Begin PBXNativeTarget section */
		951AD01E29817040009FA3F1 /* xilophone New */ = {
			isa = PBXNativeTarget;
			buildConfigurationList = 951AD03329817043009FA3F1 /* Build configuration list for PBXNativeTarget "xilophone New" */;
			buildPhases = (
				951AD01B29817040009FA3F1 /* Sources */,
				951AD01C29817040009FA3F1 /* Frameworks */,
				951AD01D29817040009FA3F1 /* Resources */,
			);
			buildRules = (
			);
			dependencies = (
			);
			name = "xilophone New";
			productName = "xilophone New";
			productReference = 951AD01F29817040009FA3F1 /* xilophone New.app */;
			productType = "com.apple.product-type.application";
		};
/* End PBXNativeTarget section */

/* Begin PBXProject section */
		951AD01729817040009FA3F1 /* Project object */ = {
			isa = PBXProject;
			attributes = {
				BuildIndependentTargetsInParallel = 1;
				LastSwiftUpdateCheck = 1420;
				LastUpgradeCheck = 1420;
				TargetAttributes = {
					951AD01E29817040009FA3F1 = {
						CreatedOnToolsVersion = 14.2;
					};
				};
			};
			buildConfigurationList = 951AD01A29817040009FA3F1 /* Build configuration list for PBXProject "xilophone New" */;
			compatibilityVersion = "Xcode 14.0";
			developmentRegion = en;
			hasScannedForEncodings = 0;
			knownRegions = (
				en,
				Base,
			);
			mainGroup = 951AD01629817040009FA3F1;
			productRefGroup = 951AD02029817040009FA3F1 /* Products */;
			projectDirPath = "";
			projectRoot = "";
			targets = (
				951AD01E29817040009FA3F1 /* xilophone New */,
			);
		};
/* End PBXProject section */

/* Begin PBXResourcesBuildPhase section */
		951AD01D29817040009FA3F1 /* Resources */ = {
			isa = PBXResourcesBuildPhase;
			buildActionMask = 2147483647;
			files = (
				95F3A0F729817A9F004503A8 /* G.wav in Resources */,
				951AD02F29817043009FA3F1 /* LaunchScreen.storyboard in Resources */,
				95F3A0F629817A9F004503A8 /* F.wav in Resources */,
				951AD02C29817043009FA3F1 /* Assets.xcassets in Resources */,
				95F3A0F329817A9F004503A8 /* A.wav in Resources */,
				95F3A0F529817A9F004503A8 /* B.wav in Resources */,
				95F3A0F829817A9F004503A8 /* E.wav in Resources */,
				95F3A0F929817A9F004503A8 /* D.wav in Resources */,
				951AD02A29817040009FA3F1 /* Main.storyboard in Resources */,
				95F3A0F429817A9F004503A8 /* C.wav in Resources */,
			);
			runOnlyForDeploymentPostprocessing = 0;
		};
/* End PBXResourcesBuildPhase section */

/* Begin PBXSourcesBuildPhase section */
		951AD01B29817040009FA3F1 /* Sources */ = {
			isa = PBXSourcesBuildPhase;
			buildActionMask = 2147483647;
			files = (
				951AD02729817040009FA3F1 /* ViewController.swift in Sources */,
				951AD02329817040009FA3F1 /* AppDelegate.swift in Sources */,
				951AD02529817040009FA3F1 /* SceneDelegate.swift in Sources */,
			);
			runOnlyForDeploymentPostprocessing = 0;
		};
/* End PBXSourcesBuildPhase section */

/* Begin PBXVariantGroup section */
		951AD02829817040009FA3F1 /* Main.storyboard */ = {
			isa = PBXVariantGroup;
			children = (
				951AD02929817040009FA3F1 /* Base */,
			);
			name = Main.storyboard;
			sourceTree = "<group>";
		};
		951AD02D29817043009FA3F1 /* LaunchScreen.storyboard */ = {
			isa = PBXVariantGroup;
			children = (
				951AD02E29817043009FA3F1 /* Base */,
			);
			name = LaunchScreen.storyboard;
			sourceTree = "<group>";
		};
/* End PBXVariantGroup section */

/* Begin XCBuildConfiguration section */
		951AD03129817043009FA3F1 /* Debug */ = {
			isa = XCBuildConfiguration;
			buildSettings = {
				ALWAYS_SEARCH_USER_PATHS = NO;
				CLANG_ANALYZER_NONNULL = YES;
				CLANG_ANALYZER_NUMBER_OBJECT_CONVERSION = YES_AGGRESSIVE;
				CLANG_CXX_LANGUAGE_STANDARD = "gnu++20";
				CLANG_ENABLE_MODULES = YES;
				CLANG_ENABLE_OBJC_ARC = YES;
				CLANG_ENABLE_OBJC_WEAK = YES;
				CLANG_WARN_BLOCK_CAPTURE_AUTORELEASING = YES;
				CLANG_WARN_BOOL_CONVERSION = YES;
				CLANG_WARN_COMMA = YES;
				CLANG_WARN_CONSTANT_CONVERSION = YES;
				CLANG_WARN_DEPRECATED_OBJC_IMPLEMENTATIONS = YES;
				CLANG_WARN_DIRECT_OBJC_ISA_USAGE = YES_ERROR;
				CLANG_WARN_DOCUMENTATION_COMMENTS = YES;
				CLANG_WARN_EMPTY_BODY = YES;
				CLANG_WARN_ENUM_CONVERSION = YES;
				CLANG_WARN_INFINITE_RECURSION = YES;
				CLANG_WARN_INT_CONVERSION = YES;
				CLANG_WARN_NON_LITERAL_NULL_CONVERSION = YES;
				CLANG_WARN_OBJC_IMPLICIT_RETAIN_SELF = YES;
				CLANG_WARN_OBJC_LITERAL_CONVERSION = YES;
				CLANG_WARN_OBJC_ROOT_CLASS = YES_ERROR;
				CLANG_WARN_QUOTED_INCLUDE_IN_FRAMEWORK_HEADER = YES;
				CLANG_WARN_RANGE_LOOP_ANALYSIS = YES;
				CLANG_WARN_STRICT_PROTOTYPES = YES;
				CLANG_WARN_SUSPICIOUS_MOVE = YES;
				CLANG_WARN_UNGUARDED_AVAILABILITY = YES_AGGRESSIVE;
				CLANG_WARN_UNREACHABLE_CODE = YES;
				CLANG_WARN__DUPLICATE_METHOD_MATCH = YES;
				COPY_PHASE_STRIP = NO;
				DEBUG_INFORMATION_FORMAT = dwarf;
				ENABLE_STRICT_OBJC_MSGSEND = YES;
				ENABLE_TESTABILITY = YES;
				GCC_C_LANGUAGE_STANDARD = gnu11;
				GCC_DYNAMIC_NO_PIC = NO;
				GCC_NO_COMMON_BLOCKS = YES;
				GCC_OPTIMIZATION_LEVEL = 0;
				GCC_PREPROCESSOR_DEFINITIONS = (
					"DEBUG=1",
					"$(inherited)",
				);
				GCC_WARN_64_TO_32_BIT_CONVERSION = YES;
				GCC_WARN_ABOUT_RETURN_TYPE = YES_ERROR;
				GCC_WARN_UNDECLARED_SELECTOR = YES;
				GCC_WARN_UNINITIALIZED_AUTOS = YES_AGGRESSIVE;
				GCC_WARN_UNUSED_FUNCTION = YES;
				GCC_WARN_UNUSED_VARIABLE = YES;
				IPHONEOS_DEPLOYMENT_TARGET = 16.2;
				MTL_ENABLE_DEBUG_INFO = INCLUDE_SOURCE;
				MTL_FAST_MATH = YES;
				ONLY_ACTIVE_ARCH = YES;
				SDKROOT = iphoneos;
				SWIFT_ACTIVE_COMPILATION_CONDITIONS = DEBUG;
				SWIFT_OPTIMIZATION_LEVEL = "-Onone";
			};
			name = Debug;
		};
		951AD03229817043009FA3F1 /* Release */ = {
			isa = XCBuildConfiguration;
			buildSettings = {
				ALWAYS_SEARCH_USER_PATHS = NO;
				CLANG_ANALYZER_NONNULL = YES;
				CLANG_ANALYZER_NUMBER_OBJECT_CONVERSION = YES_AGGRESSIVE;
				CLANG_CXX_LANGUAGE_STANDARD = "gnu++20";
				CLANG_ENABLE_MODULES = YES;
				CLANG_ENABLE_OBJC_ARC = YES;
				CLANG_ENABLE_OBJC_WEAK = YES;
				CLANG_WARN_BLOCK_CAPTURE_AUTORELEASING = YES;
				CLANG_WARN_BOOL_CONVERSION = YES;
				CLANG_WARN_COMMA = YES;
				CLANG_WARN_CONSTANT_CONVERSION = YES;
				CLANG_WARN_DEPRECATED_OBJC_IMPLEMENTATIONS = YES;
				CLANG_WARN_DIRECT_OBJC_ISA_USAGE = YES_ERROR;
				CLANG_WARN_DOCUMENTATION_COMMENTS = YES;
				CLANG_WARN_EMPTY_BODY = YES;
				CLANG_WARN_ENUM_CONVERSION = YES;
				CLANG_WARN_INFINITE_RECURSION = YES;
				CLANG_WARN_INT_CONVERSION = YES;
				CLANG_WARN_NON_LITERAL_NULL_CONVERSION = YES;
				CLANG_WARN_OBJC_IMPLICIT_RETAIN_SELF = YES;
				CLANG_WARN_OBJC_LITERAL_CONVERSION = YES;
				CLANG_WARN_OBJC_ROOT_CLASS = YES_ERROR;
				CLANG_WARN_QUOTED_INCLUDE_IN_FRAMEWORK_HEADER = YES;
				CLANG_WARN_RANGE_LOOP_ANALYSIS = YES;
				CLANG_WARN_STRICT_PROTOTYPES = YES;
				CLANG_WARN_SUSPICIOUS_MOVE = YES;
				CLANG_WARN_UNGUARDED_AVAILABILITY = YES_AGGRESSIVE;
				CLANG_WARN_UNREACHABLE_CODE = YES;
				CLANG_WARN__DUPLICATE_METHOD_MATCH = YES;
				COPY_PHASE_STRIP = NO;
				DEBUG_INFORMATION_FORMAT = "dwarf-with-dsym";
				ENABLE_NS_ASSERTIONS = NO;
				ENABLE_STRICT_OBJC_MSGSEND = YES;
				GCC_C_LANGUAGE_STANDARD = gnu11;
				GCC_NO_COMMON_BLOCKS = YES;
				GCC_WARN_64_TO_32_BIT_CONVERSION = YES;
				GCC_WARN_ABOUT_RETURN_TYPE = YES_ERROR;
				GCC_WARN_UNDECLARED_SELECTOR = YES;
				GCC_WARN_UNINITIALIZED_AUTOS = YES_AGGRESSIVE;
				GCC_WARN_UNUSED_FUNCTION = YES;
				GCC_WARN_UNUSED_VARIABLE = YES;
				IPHONEOS_DEPLOYMENT_TARGET = 16.2;
				MTL_ENABLE_DEBUG_INFO = NO;
				MTL_FAST_MATH = YES;
				SDKROOT = iphoneos;
				SWIFT_COMPILATION_MODE = wholemodule;
				SWIFT_OPTIMIZATION_LEVEL = "-O";
				VALIDATE_PRODUCT = YES;
			};
			name = Release;
		};
		951AD03429817043009FA3F1 /* Debug */ = {
			isa = XCBuildConfiguration;
			buildSettings = {
				ASSETCATALOG_COMPILER_APPICON_NAME = AppIcon;
				ASSETCATALOG_COMPILER_GLOBAL_ACCENT_COLOR_NAME = AccentColor;
				CODE_SIGN_STYLE = Automatic;
				CURRENT_PROJECT_VERSION = 1;
				DEVELOPMENT_TEAM = 4U82GRW2BP;
				GENERATE_INFOPLIST_FILE = YES;
				INFOPLIST_FILE = "xilophone New/Info.plist";
				INFOPLIST_KEY_UIApplicationSupportsIndirectInputEvents = YES;
				INFOPLIST_KEY_UILaunchStoryboardName = LaunchScreen;
				INFOPLIST_KEY_UIMainStoryboardFile = Main;
				INFOPLIST_KEY_UISupportedInterfaceOrientations_iPad = "UIInterfaceOrientationPortrait UIInterfaceOrientationPortraitUpsideDown UIInterfaceOrientationLandscapeLeft UIInterfaceOrientationLandscapeRight";
				INFOPLIST_KEY_UISupportedInterfaceOrientations_iPhone = "UIInterfaceOrientationPortrait UIInterfaceOrientationLandscapeLeft UIInterfaceOrientationLandscapeRight";
				IPHONEOS_DEPLOYMENT_TARGET = 15.1;
				LD_RUNPATH_SEARCH_PATHS = (
					"$(inherited)",
					"@executable_path/Frameworks",
				);
				MARKETING_VERSION = 0.1;
				PRODUCT_BUNDLE_IDENTIFIER = "com.graphvikharev.xilophone-New";
				PRODUCT_NAME = "$(TARGET_NAME)";
				SUPPORTED_PLATFORMS = "iphoneos iphonesimulator";
				SUPPORTS_MACCATALYST = NO;
				SUPPORTS_MAC_DESIGNED_FOR_IPHONE_IPAD = NO;
				SWIFT_EMIT_LOC_STRINGS = YES;
				SWIFT_VERSION = 5.0;
				TARGETED_DEVICE_FAMILY = 1;
			};
			name = Debug;
		};
		951AD03529817043009FA3F1 /* Release */ = {
			isa = XCBuildConfiguration;
			buildSettings = {
				ASSETCATALOG_COMPILER_APPICON_NAME = AppIcon;
				ASSETCATALOG_COMPILER_GLOBAL_ACCENT_COLOR_NAME = AccentColor;
				CODE_SIGN_STYLE = Automatic;
				CURRENT_PROJECT_VERSION = 1;
				DEVELOPMENT_TEAM = 4U82GRW2BP;
				GENERATE_INFOPLIST_FILE = YES;
				INFOPLIST_FILE = "xilophone New/Info.plist";
				INFOPLIST_KEY_UIApplicationSupportsIndirectInputEvents = YES;
				INFOPLIST_KEY_UILaunchStoryboardName = LaunchScreen;
				INFOPLIST_KEY_UIMainStoryboardFile = Main;
				INFOPLIST_KEY_UISupportedInterfaceOrientations_iPad = "UIInterfaceOrientationPortrait UIInterfaceOrientationPortraitUpsideDown UIInterfaceOrientationLandscapeLeft UIInterfaceOrientationLandscapeRight";
				INFOPLIST_KEY_UISupportedInterfaceOrientations_iPhone = "UIInterfaceOrientationPortrait UIInterfaceOrientationLandscapeLeft UIInterfaceOrientationLandscapeRight";
				IPHONEOS_DEPLOYMENT_TARGET = 15.1;
				LD_RUNPATH_SEARCH_PATHS = (
					"$(inherited)",
					"@executable_path/Frameworks",
				);
				MARKETING_VERSION = 0.1;
				PRODUCT_BUNDLE_IDENTIFIER = "com.graphvikharev.xilophone-New";
				PRODUCT_NAME = "$(TARGET_NAME)";
				SUPPORTED_PLATFORMS = "iphoneos iphonesimulator";
				SUPPORTS_MACCATALYST = NO;
				SUPPORTS_MAC_DESIGNED_FOR_IPHONE_IPAD = NO;
				SWIFT_EMIT_LOC_STRINGS = YES;
				SWIFT_VERSION = 5.0;
				TARGETED_DEVICE_FAMILY = 1;
			};
			name = Release;
		};
/* End XCBuildConfiguration section */

/* Begin XCConfigurationList section */
		951AD01A29817040009FA3F1 /* Build configuration list for PBXProject "xilophone New" */ = {
			isa = XCConfigurationList;
			buildConfigurations = (
				951AD03129817043009FA3F1 /* Debug */,
				951AD03229817043009FA3F1 /* Release */,
			);
			defaultConfigurationIsVisible = 0;
			defaultConfigurationName = Release;
		};
		951AD03329817043009FA3F1 /* Build configuration list for PBXNativeTarget "xilophone New" */ = {
			isa = XCConfigurationList;
			buildConfigurations = (
				951AD03429817043009FA3F1 /* Debug */,
				951AD03529817043009FA3F1 /* Release */,
			);
			defaultConfigurationIsVisible = 0;
			defaultConfigurationName = Release;
		};
/* End XCConfigurationList section */
	};
	rootObject = 951AD01729817040009FA3F1 /* Project object */;
}
